// !$*UTF8*$!
{
	archiveVersion = 1;
	classes = {
	};
	objectVersion = 46;
	objects = {

/* Begin PBXBuildFile section */
		A6081E801C000DD300ABF840 /* ButtonContainer.swift in Sources */ = {isa = PBXBuildFile; fileRef = A6081E7F1C000DD300ABF840 /* ButtonContainer.swift */; };
		A6081E841C0307BC00ABF840 /* CalculatorModel.swift in Sources */ = {isa = PBXBuildFile; fileRef = A6081E831C0307BC00ABF840 /* CalculatorModel.swift */; };
		A696A81B1BFEBD6900D9D832 /* BackgroundView.swift in Sources */ = {isa = PBXBuildFile; fileRef = A696A81A1BFEBD6900D9D832 /* BackgroundView.swift */; };
		A696A81D1BFF11A500D9D832 /* ButtonView.swift in Sources */ = {isa = PBXBuildFile; fileRef = A696A81C1BFF11A500D9D832 /* ButtonView.swift */; };
		A6D59DD21BF76F8200DF3579 /* AppDelegate.swift in Sources */ = {isa = PBXBuildFile; fileRef = A6D59DD11BF76F8200DF3579 /* AppDelegate.swift */; };
		A6D59DD41BF76F8200DF3579 /* CalculatorViewController.swift in Sources */ = {isa = PBXBuildFile; fileRef = A6D59DD31BF76F8200DF3579 /* CalculatorViewController.swift */; };
		A6D59DD71BF76F8200DF3579 /* Main.storyboard in Resources */ = {isa = PBXBuildFile; fileRef = A6D59DD51BF76F8200DF3579 /* Main.storyboard */; };
		A6D59DDA1BF76F8200DF3579 /* CalculatorTest.xcdatamodeld in Sources */ = {isa = PBXBuildFile; fileRef = A6D59DD81BF76F8200DF3579 /* CalculatorTest.xcdatamodeld */; };
		A6D59DDC1BF76F8200DF3579 /* Assets.xcassets in Resources */ = {isa = PBXBuildFile; fileRef = A6D59DDB1BF76F8200DF3579 /* Assets.xcassets */; };
		A6D59DDF1BF76F8200DF3579 /* LaunchScreen.storyboard in Resources */ = {isa = PBXBuildFile; fileRef = A6D59DDD1BF76F8200DF3579 /* LaunchScreen.storyboard */; };
/* End PBXBuildFile section */

/* Begin PBXFileReference section */
		A6081E7F1C000DD300ABF840 /* ButtonContainer.swift */ = {isa = PBXFileReference; fileEncoding = 4; lastKnownFileType = sourcecode.swift; path = ButtonContainer.swift; sourceTree = "<group>"; };
		A6081E831C0307BC00ABF840 /* CalculatorModel.swift */ = {isa = PBXFileReference; fileEncoding = 4; lastKnownFileType = sourcecode.swift; path = CalculatorModel.swift; sourceTree = "<group>"; };
		A696A81A1BFEBD6900D9D832 /* BackgroundView.swift */ = {isa = PBXFileReference; fileEncoding = 4; lastKnownFileType = sourcecode.swift; name = BackgroundView.swift; path = CalculatorTest/BackgroundView.swift; sourceTree = "<group>"; };
		A696A81C1BFF11A500D9D832 /* ButtonView.swift */ = {isa = PBXFileReference; fileEncoding = 4; lastKnownFileType = sourcecode.swift; name = ButtonView.swift; path = CalculatorTest/ButtonView.swift; sourceTree = "<group>"; };
		A6D59DCE1BF76F8200DF3579 /* CalculatorTest.app */ = {isa = PBXFileReference; explicitFileType = wrapper.application; includeInIndex = 0; path = CalculatorTest.app; sourceTree = BUILT_PRODUCTS_DIR; };
		A6D59DD11BF76F8200DF3579 /* AppDelegate.swift */ = {isa = PBXFileReference; lastKnownFileType = sourcecode.swift; name = AppDelegate.swift; path = CalculatorTest/AppDelegate.swift; sourceTree = "<group>"; };
		A6D59DD31BF76F8200DF3579 /* CalculatorViewController.swift */ = {isa = PBXFileReference; lastKnownFileType = sourcecode.swift; name = CalculatorViewController.swift; path = CalculatorTest/CalculatorViewController.swift; sourceTree = "<group>"; };
		A6D59DD61BF76F8200DF3579 /* Base */ = {isa = PBXFileReference; lastKnownFileType = file.storyboard; name = Base; path = Base.lproj/Main.storyboard; sourceTree = "<group>"; };
		A6D59DD91BF76F8200DF3579 /* CalculatorTest.xcdatamodel */ = {isa = PBXFileReference; lastKnownFileType = wrapper.xcdatamodel; path = CalculatorTest.xcdatamodel; sourceTree = "<group>"; };
		A6D59DDB1BF76F8200DF3579 /* Assets.xcassets */ = {isa = PBXFileReference; lastKnownFileType = folder.assetcatalog; path = Assets.xcassets; sourceTree = "<group>"; };
		A6D59DDE1BF76F8200DF3579 /* Base */ = {isa = PBXFileReference; lastKnownFileType = file.storyboard; name = Base; path = Base.lproj/LaunchScreen.storyboard; sourceTree = "<group>"; };
		A6D59DE01BF76F8200DF3579 /* Info.plist */ = {isa = PBXFileReference; lastKnownFileType = text.plist.xml; path = Info.plist; sourceTree = "<group>"; };
/* End PBXFileReference section */

/* Begin PBXFrameworksBuildPhase section */
		A6D59DCB1BF76F8200DF3579 /* Frameworks */ = {
			isa = PBXFrameworksBuildPhase;
			buildActionMask = 2147483647;
			files = (
			);
			runOnlyForDeploymentPostprocessing = 0;
		};
/* End PBXFrameworksBuildPhase section */

/* Begin PBXGroup section */
		A6081E7C1C000C6E00ABF840 /* others */ = {
			isa = PBXGroup;
			children = (
				A6D59DD11BF76F8200DF3579 /* AppDelegate.swift */,
			);
			name = others;
			sourceTree = "<group>";
		};
		A6081E7D1C000C8800ABF840 /* Controller */ = {
			isa = PBXGroup;
			children = (
				A6D59DD31BF76F8200DF3579 /* CalculatorViewController.swift */,
			);
			name = Controller;
			sourceTree = "<group>";
		};
		A6081E7E1C000DA800ABF840 /* Views */ = {
			isa = PBXGroup;
			children = (
				A696A81A1BFEBD6900D9D832 /* BackgroundView.swift */,
				A6081E7F1C000DD300ABF840 /* ButtonContainer.swift */,
				A696A81C1BFF11A500D9D832 /* ButtonView.swift */,
			);
			name = Views;
			sourceTree = "<group>";
		};
		A6081E851C0307C700ABF840 /* Model */ = {
			isa = PBXGroup;
			children = (
				A6081E831C0307BC00ABF840 /* CalculatorModel.swift */,
			);
			name = Model;
			sourceTree = "<group>";
		};
		A6D59DC51BF76F8200DF3579 = {
			isa = PBXGroup;
			children = (
				A6081E851C0307C700ABF840 /* Model */,
				A6081E7E1C000DA800ABF840 /* Views */,
				A6081E7D1C000C8800ABF840 /* Controller */,
				A6081E7C1C000C6E00ABF840 /* others */,
				A6D59DD01BF76F8200DF3579 /* CalculatorTest */,
				A6D59DCF1BF76F8200DF3579 /* Products */,
			);
			sourceTree = "<group>";
		};
		A6D59DCF1BF76F8200DF3579 /* Products */ = {
			isa = PBXGroup;
			children = (
				A6D59DCE1BF76F8200DF3579 /* CalculatorTest.app */,
			);
			name = Products;
			sourceTree = "<group>";
		};
		A6D59DD01BF76F8200DF3579 /* CalculatorTest */ = {
			isa = PBXGroup;
			children = (
				A6D59DD51BF76F8200DF3579 /* Main.storyboard */,
				A6D59DDB1BF76F8200DF3579 /* Assets.xcassets */,
				A6D59DDD1BF76F8200DF3579 /* LaunchScreen.storyboard */,
				A6D59DE01BF76F8200DF3579 /* Info.plist */,
				A6D59DD81BF76F8200DF3579 /* CalculatorTest.xcdatamodeld */,
			);
			path = CalculatorTest;
			sourceTree = "<group>";
		};
/* End PBXGroup section */

/* Begin PBXNativeTarget section */
		A6D59DCD1BF76F8200DF3579 /* CalculatorTest */ = {
			isa = PBXNativeTarget;
			buildConfigurationList = A6D59DE31BF76F8200DF3579 /* Build configuration list for PBXNativeTarget "CalculatorTest" */;
			buildPhases = (
				A6D59DCA1BF76F8200DF3579 /* Sources */,
				A6D59DCB1BF76F8200DF3579 /* Frameworks */,
				A6D59DCC1BF76F8200DF3579 /* Resources */,
			);
			buildRules = (
			);
			dependencies = (
			);
			name = CalculatorTest;
			productName = CalculatorTest;
			productReference = A6D59DCE1BF76F8200DF3579 /* CalculatorTest.app */;
			productType = "com.apple.product-type.application";
		};
/* End PBXNativeTarget section */

/* Begin PBXProject section */
		A6D59DC61BF76F8200DF3579 /* Project object */ = {
			isa = PBXProject;
			attributes = {
				LastSwiftUpdateCheck = 0710;
				LastUpgradeCheck = 0710;
				ORGANIZATIONNAME = "Jiao Chu";
				TargetAttributes = {
					A6D59DCD1BF76F8200DF3579 = {
						CreatedOnToolsVersion = 7.1;
					};
				};
			};
			buildConfigurationList = A6D59DC91BF76F8200DF3579 /* Build configuration list for PBXProject "CalculatorTest" */;
			compatibilityVersion = "Xcode 3.2";
			developmentRegion = English;
			hasScannedForEncodings = 0;
			knownRegions = (
				en,
				Base,
			);
			mainGroup = A6D59DC51BF76F8200DF3579;
			productRefGroup = A6D59DCF1BF76F8200DF3579 /* Products */;
			projectDirPath = "";
			projectRoot = "";
			targets = (
				A6D59DCD1BF76F8200DF3579 /* CalculatorTest */,
			);
		};
/* End PBXProject section */

/* Begin PBXResourcesBuildPhase section */
		A6D59DCC1BF76F8200DF3579 /* Resources */ = {
			isa = PBXResourcesBuildPhase;
			buildActionMask = 2147483647;
			files = (
				A6D59DDF1BF76F8200DF3579 /* LaunchScreen.storyboard in Resources */,
				A6D59DDC1BF76F8200DF3579 /* Assets.xcassets in Resources */,
				A6D59DD71BF76F8200DF3579 /* Main.storyboard in Resources */,
			);
			runOnlyForDeploymentPostprocessing = 0;
		};
/* End PBXResourcesBuildPhase section */

/* Begin PBXSourcesBuildPhase section */
		A6D59DCA1BF76F8200DF3579 /* Sources */ = {
			isa = PBXSourcesBuildPhase;
			buildActionMask = 2147483647;
			files = (
				A696A81B1BFEBD6900D9D832 /* BackgroundView.swift in Sources */,
				A6D59DD41BF76F8200DF3579 /* CalculatorViewController.swift in Sources */,
				A6081E801C000DD300ABF840 /* ButtonContainer.swift in Sources */,
				A696A81D1BFF11A500D9D832 /* ButtonView.swift in Sources */,
				A6D59DDA1BF76F8200DF3579 /* CalculatorTest.xcdatamodeld in Sources */,
				A6081E841C0307BC00ABF840 /* CalculatorModel.swift in Sources */,
				A6D59DD21BF76F8200DF3579 /* AppDelegate.swift in Sources */,
			);
			runOnlyForDeploymentPostprocessing = 0;
		};
/* End PBXSourcesBuildPhase section */

/* Begin PBXVariantGroup section */
		A6D59DD51BF76F8200DF3579 /* Main.storyboard */ = {
			isa = PBXVariantGroup;
			children = (
				A6D59DD61BF76F8200DF3579 /* Base */,
			);
			name = Main.storyboard;
			sourceTree = "<group>";
		};
		A6D59DDD1BF76F8200DF3579 /* LaunchScreen.storyboard */ = {
			isa = PBXVariantGroup;
			children = (
				A6D59DDE1BF76F8200DF3579 /* Base */,
			);
			name = LaunchScreen.storyboard;
			sourceTree = "<group>";
		};
/* End PBXVariantGroup section */

/* Begin XCBuildConfiguration section */
		A6D59DE11BF76F8200DF3579 /* Debug */ = {
			isa = XCBuildConfiguration;
			buildSettings = {
				ALWAYS_SEARCH_USER_PATHS = NO;
				CLANG_CXX_LANGUAGE_STANDARD = "gnu++0x";
				CLANG_CXX_LIBRARY = "libc++";
				CLANG_ENABLE_MODULES = YES;
				CLANG_ENABLE_OBJC_ARC = YES;
				CLANG_WARN_BOOL_CONVERSION = YES;
				CLANG_WARN_CONSTANT_CONVERSION = YES;
				CLANG_WARN_DIRECT_OBJC_ISA_USAGE = YES_ERROR;
				CLANG_WARN_EMPTY_BODY = YES;
				CLANG_WARN_ENUM_CONVERSION = YES;
				CLANG_WARN_INT_CONVERSION = YES;
				CLANG_WARN_OBJC_ROOT_CLASS = YES_ERROR;
				CLANG_WARN_UNREACHABLE_CODE = YES;
				CLANG_WARN__DUPLICATE_METHOD_MATCH = YES;
				"CODE_SIGN_IDENTITY[sdk=iphoneos*]" = "iPhone Developer";
				COPY_PHASE_STRIP = NO;
				DEBUG_INFORMATION_FORMAT = dwarf;
				ENABLE_STRICT_OBJC_MSGSEND = YES;
				ENABLE_TESTABILITY = YES;
				GCC_C_LANGUAGE_STANDARD = gnu99;
				GCC_DYNAMIC_NO_PIC = NO;
				GCC_NO_COMMON_BLOCKS = YES;
				GCC_OPTIMIZATION_LEVEL = 0;
				GCC_PREPROCESSOR_DEFINITIONS = (
					"DEBUG=1",
					"$(inherited)",
				);
				GCC_WARN_64_TO_32_BIT_CONVERSION = YES;
				GCC_WARN_ABOUT_RETURN_TYPE = YES_ERROR;
				GCC_WARN_UNDECLARED_SELECTOR = YES;
				GCC_WARN_UNINITIALIZED_AUTOS = YES_AGGRESSIVE;
				GCC_WARN_UNUSED_FUNCTION = YES;
				GCC_WARN_UNUSED_VARIABLE = YES;
				IPHONEOS_DEPLOYMENT_TARGET = 8.3;
				MTL_ENABLE_DEBUG_INFO = YES;
				ONLY_ACTIVE_ARCH = YES;
				SDKROOT = iphoneos;
				SWIFT_OPTIMIZATION_LEVEL = "-Onone";
				TARGETED_DEVICE_FAMILY = "1,2";
			};
			name = Debug;
		};
		A6D59DE21BF76F8200DF3579 /* Release */ = {
			isa = XCBuildConfiguration;
			buildSettings = {
				ALWAYS_SEARCH_USER_PATHS = NO;
				CLANG_CXX_LANGUAGE_STANDARD = "gnu++0x";
				CLANG_CXX_LIBRARY = "libc++";
				CLANG_ENABLE_MODULES = YES;
				CLANG_ENABLE_OBJC_ARC = YES;
				CLANG_WARN_BOOL_CONVERSION = YES;
				CLANG_WARN_CONSTANT_CONVERSION = YES;
				CLANG_WARN_DIRECT_OBJC_ISA_USAGE = YES_ERROR;
				CLANG_WARN_EMPTY_BODY = YES;
				CLANG_WARN_ENUM_CONVERSION = YES;
				CLANG_WARN_INT_CONVERSION = YES;
				CLANG_WARN_OBJC_ROOT_CLASS = YES_ERROR;
				CLANG_WARN_UNREACHABLE_CODE = YES;
				CLANG_WARN__DUPLICATE_METHOD_MATCH = YES;
				"CODE_SIGN_IDENTITY[sdk=iphoneos*]" = "iPhone Developer";
				COPY_PHASE_STRIP = NO;
				DEBUG_INFORMATION_FORMAT = "dwarf-with-dsym";
				ENABLE_NS_ASSERTIONS = NO;
				ENABLE_STRICT_OBJC_MSGSEND = YES;
				GCC_C_LANGUAGE_STANDARD = gnu99;
				GCC_NO_COMMON_BLOCKS = YES;
				GCC_WARN_64_TO_32_BIT_CONVERSION = YES;
				GCC_WARN_ABOUT_RETURN_TYPE = YES_ERROR;
				GCC_WARN_UNDECLARED_SELECTOR = YES;
				GCC_WARN_UNINITIALIZED_AUTOS = YES_AGGRESSIVE;
				GCC_WARN_UNUSED_FUNCTION = YES;
				GCC_WARN_UNUSED_VARIABLE = YES;
				IPHONEOS_DEPLOYMENT_TARGET = 8.3;
				MTL_ENABLE_DEBUG_INFO = NO;
				SDKROOT = iphoneos;
				TARGETED_DEVICE_FAMILY = "1,2";
				VALIDATE_PRODUCT = YES;
			};
			name = Release;
		};
		A6D59DE41BF76F8200DF3579 /* Debug */ = {
			isa = XCBuildConfiguration;
			buildSettings = {
				ASSETCATALOG_COMPILER_APPICON_NAME = AppIcon;
				INFOPLIST_FILE = CalculatorTest/Info.plist;
				IPHONEOS_DEPLOYMENT_TARGET = 8.3;
				LD_RUNPATH_SEARCH_PATHS = "$(inherited) @executable_path/Frameworks";
				PRODUCT_BUNDLE_IDENTIFIER = com.lw.2015.CalculatorTest;
				PRODUCT_NAME = "$(TARGET_NAME)";
			};
			name = Debug;
		};
		A6D59DE51BF76F8200DF3579 /* Release */ = {
			isa = XCBuildConfiguration;
			buildSettings = {
				ASSETCATALOG_COMPILER_APPICON_NAME = AppIcon;
				INFOPLIST_FILE = CalculatorTest/Info.plist;
				IPHONEOS_DEPLOYMENT_TARGET = 8.3;
				LD_RUNPATH_SEARCH_PATHS = "$(inherited) @executable_path/Frameworks";
				PRODUCT_BUNDLE_IDENTIFIER = com.lw.2015.CalculatorTest;
				PRODUCT_NAME = "$(TARGET_NAME)";
			};
			name = Release;
		};
/* End XCBuildConfiguration section */

/* Begin XCConfigurationList section */
		A6D59DC91BF76F8200DF3579 /* Build configuration list for PBXProject "CalculatorTest" */ = {
			isa = XCConfigurationList;
			buildConfigurations = (
				A6D59DE11BF76F8200DF3579 /* Debug */,
				A6D59DE21BF76F8200DF3579 /* Release */,
			);
			defaultConfigurationIsVisible = 0;
			defaultConfigurationName = Release;
		};
		A6D59DE31BF76F8200DF3579 /* Build configuration list for PBXNativeTarget "CalculatorTest" */ = {
			isa = XCConfigurationList;
			buildConfigurations = (
				A6D59DE41BF76F8200DF3579 /* Debug */,
				A6D59DE51BF76F8200DF3579 /* Release */,
			);
			defaultConfigurationIsVisible = 0;
			defaultConfigurationName = Release;
		};
/* End XCConfigurationList section */

/* Begin XCVersionGroup section */
		A6D59DD81BF76F8200DF3579 /* CalculatorTest.xcdatamodeld */ = {
			isa = XCVersionGroup;
			children = (
				A6D59DD91BF76F8200DF3579 /* CalculatorTest.xcdatamodel */,
			);
			currentVersion = A6D59DD91BF76F8200DF3579 /* CalculatorTest.xcdatamodel */;
			path = CalculatorTest.xcdatamodeld;
			sourceTree = "<group>";
			versionGroupType = wrapper.xcdatamodel;
		};
/* End XCVersionGroup section */
	};
	rootObject = A6D59DC61BF76F8200DF3579 /* Project object */;
}
